
Microsoft Visual Studio Solution File, Format Version 12.00
# Visual Studio Version 17
VisualStudioVersion = 17.9.34701.34
MinimumVisualStudioVersion = 10.0.40219.1
Project("{FAE04EC0-301F-11D3-BF4B-00C04F79EFBC}") = "Solution", "Solution\Solution.csproj", "{968E4EF2-B533-4208-88EA-6D495C35EAA0}"
EndProject
Global
	GlobalSection(SolutionConfigurationPlatforms) = preSolution
		Debug|Any CPU = Debug|Any CPU
		Release|Any CPU = Release|Any CPU
	EndGlobalSection
	GlobalSection(ProjectConfigurationPlatforms) = postSolution
		{968E4EF2-B533-4208-88EA-6D495C35EAA0}.Debug|Any CPU.ActiveCfg = Debug|Any CPU
		{968E4EF2-B533-4208-88EA-6D495C35EAA0}.Debug|Any CPU.Build.0 = Debug|Any CPU
		{968E4EF2-B533-4208-88EA-6D495C35EAA0}.Release|Any CPU.ActiveCfg = Release|Any CPU
		{968E4EF2-B533-4208-88EA-6D495C35EAA0}.Release|Any CPU.Build.0 = Release|Any CPU
	EndGlobalSection
	GlobalSection(SolutionProperties) = preSolution
		HideSolutionNode = FALSE
	EndGlobalSection
	GlobalSection(ExtensibilityGlobals) = postSolution
		SolutionGuid = {65243E32-17A4-4D39-8287-083EC38FD52D}
	EndGlobalSection
EndGlobal
